// !$*UTF8*$!
{
	archiveVersion = 1;
	classes = {
	};
	objectVersion = 46;
	objects = {

/* Begin PBXBuildFile section */
		DE0BE9701D8F01D400872F0B /* Functions.swift in Sources */ = {isa = PBXBuildFile; fileRef = DE0BE96F1D8F01D400872F0B /* Functions.swift */; };
		DE156DC81D7A90FF00123A04 /* Strings+Test.swift in Sources */ = {isa = PBXBuildFile; fileRef = DE156DC71D7A90FF00123A04 /* Strings+Test.swift */; };
		DE156DCA1D7A9ADC00123A04 /* Arrays+Test.swift in Sources */ = {isa = PBXBuildFile; fileRef = DE156DC91D7A9ADC00123A04 /* Arrays+Test.swift */; };
		DE156DCC1D7A9B0B00123A04 /* Generators.swift in Sources */ = {isa = PBXBuildFile; fileRef = DE156DCB1D7A9B0B00123A04 /* Generators.swift */; };
		DE156DCE1D7B381300123A04 /* RegexTests.swift in Sources */ = {isa = PBXBuildFile; fileRef = DE156DCD1D7B381300123A04 /* RegexTests.swift */; };
		DE1978571D720269008E46AB /* LexisEngineTests.swift in Sources */ = {isa = PBXBuildFile; fileRef = DE1978561D720269008E46AB /* LexisEngineTests.swift */; };
		DE1FBC5F1D90F3A300B683ED /* LexisWord+JSON.swift in Sources */ = {isa = PBXBuildFile; fileRef = DE1FBC5E1D90F3A300B683ED /* LexisWord+JSON.swift */; };
		DE3129EB1D8BCC040007692F /* LexisWord+DictionaryCodes.swift in Sources */ = {isa = PBXBuildFile; fileRef = DE3129EA1D8BCC040007692F /* LexisWord+DictionaryCodes.swift */; };
		DE3129ED1D8BD27B0007692F /* LexisWord+DictionaryCodesTests.swift in Sources */ = {isa = PBXBuildFile; fileRef = DE3129EC1D8BD27B0007692F /* LexisWord+DictionaryCodesTests.swift */; };
		DE405ACF1D76494100C16B46 /* Regex.swift in Sources */ = {isa = PBXBuildFile; fileRef = DE405ACE1D76494100C16B46 /* Regex.swift */; };
		DE48082B1D720B51002CBF5D /* LatinDictionary.txt in Resources */ = {isa = PBXBuildFile; fileRef = DEDE0DC11D717ABF00965CFD /* LatinDictionary.txt */; };
		DE49A22B1D983BEC00620411 /* AlchemyGenerator.framework in Frameworks */ = {isa = PBXBuildFile; fileRef = DE49A2261D983BEC00620411 /* AlchemyGenerator.framework */; };
		DE49A22C1D983BEC00620411 /* AromaSwiftClient.framework in Frameworks */ = {isa = PBXBuildFile; fileRef = DE49A2271D983BEC00620411 /* AromaSwiftClient.framework */; };
		DE49A22D1D983BEC00620411 /* AromaThrift.framework in Frameworks */ = {isa = PBXBuildFile; fileRef = DE49A2281D983BEC00620411 /* AromaThrift.framework */; };
		DE49A22F1D983BEC00620411 /* SwiftExceptionCatcher.framework in Frameworks */ = {isa = PBXBuildFile; fileRef = DE49A22A1D983BEC00620411 /* SwiftExceptionCatcher.framework */; };
		DE49A2301D983C0300620411 /* AlchemyGenerator.framework in Copy Frameworks */ = {isa = PBXBuildFile; fileRef = DE49A2261D983BEC00620411 /* AlchemyGenerator.framework */; settings = {ATTRIBUTES = (CodeSignOnCopy, RemoveHeadersOnCopy, ); }; };
		DE49A2311D983C0300620411 /* AromaSwiftClient.framework in Copy Frameworks */ = {isa = PBXBuildFile; fileRef = DE49A2271D983BEC00620411 /* AromaSwiftClient.framework */; settings = {ATTRIBUTES = (CodeSignOnCopy, RemoveHeadersOnCopy, ); }; };
		DE49A2321D983C0300620411 /* AromaThrift.framework in Copy Frameworks */ = {isa = PBXBuildFile; fileRef = DE49A2281D983BEC00620411 /* AromaThrift.framework */; settings = {ATTRIBUTES = (CodeSignOnCopy, RemoveHeadersOnCopy, ); }; };
		DE49A2341D983C0300620411 /* SwiftExceptionCatcher.framework in Copy Frameworks */ = {isa = PBXBuildFile; fileRef = DE49A22A1D983BEC00620411 /* SwiftExceptionCatcher.framework */; settings = {ATTRIBUTES = (CodeSignOnCopy, RemoveHeadersOnCopy, ); }; };
		DE49A2361D98468F00620411 /* SimpleUserDefaultsPersistence.swift in Sources */ = {isa = PBXBuildFile; fileRef = DE49A2351D98468F00620411 /* SimpleUserDefaultsPersistence.swift */; };
		DE49A2381D9847B900620411 /* SimpleUserDefaultsTests.swift in Sources */ = {isa = PBXBuildFile; fileRef = DE49A2371D9847B900620411 /* SimpleUserDefaultsTests.swift */; };
		DE49A23A1D987AD300620411 /* FilePersistence.swift in Sources */ = {isa = PBXBuildFile; fileRef = DE49A2391D987AD300620411 /* FilePersistence.swift */; };
		DE49A23C1D987C3400620411 /* FilePersistenceTests.swift in Sources */ = {isa = PBXBuildFile; fileRef = DE49A23B1D987C3400620411 /* FilePersistenceTests.swift */; };
		DE4DA0A41D8D642F003183F4 /* LexisWord+WordType.swift in Sources */ = {isa = PBXBuildFile; fileRef = DE4DA0A31D8D642F003183F4 /* LexisWord+WordType.swift */; };
		DE4DA0A61D8D6518003183F4 /* LexisWord+WordTypeTests.swift in Sources */ = {isa = PBXBuildFile; fileRef = DE4DA0A51D8D6518003183F4 /* LexisWord+WordTypeTests.swift */; };
		DE4DA0A81D8D7655003183F4 /* UserDefaultsPersistenceTests.swift in Sources */ = {isa = PBXBuildFile; fileRef = DE4DA0A71D8D7655003183F4 /* UserDefaultsPersistenceTests.swift */; };
		DE4DA0AA1D8D76BC003183F4 /* UserDefaultsPersistence.swift in Sources */ = {isa = PBXBuildFile; fileRef = DE4DA0A91D8D76BC003183F4 /* UserDefaultsPersistence.swift */; };
		DE4DF09C1D90FD1500C29CF4 /* SupplementalInformation+JSON.swift in Sources */ = {isa = PBXBuildFile; fileRef = DE4DF09B1D90FD1500C29CF4 /* SupplementalInformation+JSON.swift */; };
		DE4DF09E1D90FFDC00C29CF4 /* WordType+JSON.swift in Sources */ = {isa = PBXBuildFile; fileRef = DE4DF09D1D90FFDC00C29CF4 /* WordType+JSON.swift */; };
		DE4DF0A01D91098C00C29CF4 /* LexisTest.swift in Sources */ = {isa = PBXBuildFile; fileRef = DE4DF09F1D91098C00C29CF4 /* LexisTest.swift */; };
		DE4DF0C41D91185800C29CF4 /* WordType+JSONTests.swift in Sources */ = {isa = PBXBuildFile; fileRef = DE4DF0C21D91185800C29CF4 /* WordType+JSONTests.swift */; };
		DE4DF0C81D911D8500C29CF4 /* LexisDefinition+JSONTests.swift in Sources */ = {isa = PBXBuildFile; fileRef = DE4DF0C51D911BA200C29CF4 /* LexisDefinition+JSONTests.swift */; };
		DE4DF0CB1D911DBD00C29CF4 /* SupplementalInformation+JSONTests.swift in Sources */ = {isa = PBXBuildFile; fileRef = DE4DF0C91D911DBD00C29CF4 /* SupplementalInformation+JSONTests.swift */; };
		DE4DF0CE1D911EE100C29CF4 /* LexisWord+JSONTests.swift in Sources */ = {isa = PBXBuildFile; fileRef = DE4DF0CC1D911EE100C29CF4 /* LexisWord+JSONTests.swift */; };
		DE56C4D21DBC554E00C40D8B /* Realm.framework in Frameworks */ = {isa = PBXBuildFile; fileRef = DE56C4D01DBC554E00C40D8B /* Realm.framework */; };
		DE56C4D31DBC554E00C40D8B /* Realm.framework in Frameworks */ = {isa = PBXBuildFile; fileRef = DE56C4D01DBC554E00C40D8B /* Realm.framework */; };
		DE56C4D41DBC554E00C40D8B /* RealmSwift.framework in Frameworks */ = {isa = PBXBuildFile; fileRef = DE56C4D11DBC554E00C40D8B /* RealmSwift.framework */; };
		DE56C4D51DBC554E00C40D8B /* RealmSwift.framework in Frameworks */ = {isa = PBXBuildFile; fileRef = DE56C4D11DBC554E00C40D8B /* RealmSwift.framework */; };
		DE56C4D61DBC556300C40D8B /* Realm.framework in Copy Frameworks */ = {isa = PBXBuildFile; fileRef = DE56C4D01DBC554E00C40D8B /* Realm.framework */; settings = {ATTRIBUTES = (CodeSignOnCopy, RemoveHeadersOnCopy, ); }; };
		DE56C4D71DBC556300C40D8B /* RealmSwift.framework in Copy Frameworks */ = {isa = PBXBuildFile; fileRef = DE56C4D11DBC554E00C40D8B /* RealmSwift.framework */; settings = {ATTRIBUTES = (CodeSignOnCopy, RemoveHeadersOnCopy, ); }; };
		DE56C4D91DBC55AB00C40D8B /* RealmPersistence.swift in Sources */ = {isa = PBXBuildFile; fileRef = DE56C4D81DBC55AB00C40D8B /* RealmPersistence.swift */; };
		DE56C4DD1DBC56CB00C40D8B /* BasePersitenceTests.swift in Sources */ = {isa = PBXBuildFile; fileRef = DE56C4DB1DBC56CB00C40D8B /* BasePersitenceTests.swift */; };
		DE56C4E01DBC5D8B00C40D8B /* RealmPersistenceTests.swift in Sources */ = {isa = PBXBuildFile; fileRef = DE56C4DE1DBC5D8B00C40D8B /* RealmPersistenceTests.swift */; };
		DE652D4B1D723C8B00F1B52A /* Strings+.swift in Sources */ = {isa = PBXBuildFile; fileRef = DE652D4A1D723C8B00F1B52A /* Strings+.swift */; };
		DE7B309F1D8D360600AD44C1 /* LexisWord+SupplementalInformation.swift in Sources */ = {isa = PBXBuildFile; fileRef = DE7B309E1D8D360600AD44C1 /* LexisWord+SupplementalInformation.swift */; };
		DE7B30A11D8D365200AD44C1 /* LexisWord+SupplementalInformationTests.swift in Sources */ = {isa = PBXBuildFile; fileRef = DE7B30A01D8D365200AD44C1 /* LexisWord+SupplementalInformationTests.swift */; };
		DE7B54101DAB015B0006119F /* Archeota.framework in Frameworks */ = {isa = PBXBuildFile; fileRef = DE7B540F1DAB015B0006119F /* Archeota.framework */; };
		DE7B54111DAB01680006119F /* Archeota.framework in Copy Frameworks */ = {isa = PBXBuildFile; fileRef = DE7B540F1DAB015B0006119F /* Archeota.framework */; settings = {ATTRIBUTES = (CodeSignOnCopy, RemoveHeadersOnCopy, ); }; };
		DE9E9EEA1D902BD7004E4CD3 /* JSON.swift in Sources */ = {isa = PBXBuildFile; fileRef = DE9E9EE91D902BD7004E4CD3 /* JSON.swift */; };
		DE9E9EEC1D9030F5004E4CD3 /* LexisDefinition+JSON.swift in Sources */ = {isa = PBXBuildFile; fileRef = DE9E9EEB1D9030F5004E4CD3 /* LexisDefinition+JSON.swift */; };
		DEA7E4861D7B493A009CAE25 /* LexisPersistence.swift in Sources */ = {isa = PBXBuildFile; fileRef = DEA7E4851D7B4939009CAE25 /* LexisPersistence.swift */; };
		DEA7E4881D7B4A74009CAE25 /* MemoryPersistence.swift in Sources */ = {isa = PBXBuildFile; fileRef = DEA7E4871D7B4A74009CAE25 /* MemoryPersistence.swift */; };
		DEA7E48A1D7B5B6B009CAE25 /* LexisWordTests.swift in Sources */ = {isa = PBXBuildFile; fileRef = DEA7E4891D7B5B6B009CAE25 /* LexisWordTests.swift */; };
		DEBD16951D86818D00E5C4DD /* MemoryPersistenceTests.swift in Sources */ = {isa = PBXBuildFile; fileRef = DEBD16941D86818D00E5C4DD /* MemoryPersistenceTests.swift */; };
		DEBEFE7B1D76BBF0008A525D /* Arrays+.swift in Sources */ = {isa = PBXBuildFile; fileRef = DEBEFE7A1D76BBF0008A525D /* Arrays+.swift */; };
		DEDE0DAA1D7172E900965CFD /* LexisDatabase.framework in Frameworks */ = {isa = PBXBuildFile; fileRef = DEDE0DA01D7172E900965CFD /* LexisDatabase.framework */; };
		DEDE0DAF1D7172E900965CFD /* LexisDatabaseTests.swift in Sources */ = {isa = PBXBuildFile; fileRef = DEDE0DAE1D7172E900965CFD /* LexisDatabaseTests.swift */; };
		DEDE0DB11D7172E900965CFD /* LexisDatabase.h in Headers */ = {isa = PBXBuildFile; fileRef = DEDE0DA31D7172E900965CFD /* LexisDatabase.h */; settings = {ATTRIBUTES = (Public, ); }; };
		DEDE0DBD1D71757500965CFD /* LexisDatabase.swift in Sources */ = {isa = PBXBuildFile; fileRef = DEDE0DBC1D71757500965CFD /* LexisDatabase.swift */; };
		DEDE0DBF1D71758B00965CFD /* LexisWord.swift in Sources */ = {isa = PBXBuildFile; fileRef = DEDE0DBE1D71758B00965CFD /* LexisWord.swift */; };
		DEDE0DC41D718D8F00965CFD /* LexisEngine.swift in Sources */ = {isa = PBXBuildFile; fileRef = DEDE0DC31D718D8F00965CFD /* LexisEngine.swift */; };
/* End PBXBuildFile section */

/* Begin PBXContainerItemProxy section */
		DEDE0DAB1D7172E900965CFD /* PBXContainerItemProxy */ = {
			isa = PBXContainerItemProxy;
			containerPortal = DEDE0D971D7172E900965CFD /* Project object */;
			proxyType = 1;
			remoteGlobalIDString = DEDE0D9F1D7172E900965CFD;
			remoteInfo = LexisDatabase;
		};
/* End PBXContainerItemProxy section */

/* Begin PBXCopyFilesBuildPhase section */
		DE4808261D720931002CBF5D /* Copy Frameworks */ = {
			isa = PBXCopyFilesBuildPhase;
			buildActionMask = 2147483647;
			dstPath = "";
			dstSubfolderSpec = 10;
			files = (
				DE49A2301D983C0300620411 /* AlchemyGenerator.framework in Copy Frameworks */,
				DE49A2311D983C0300620411 /* AromaSwiftClient.framework in Copy Frameworks */,
				DE49A2321D983C0300620411 /* AromaThrift.framework in Copy Frameworks */,
				DE7B54111DAB01680006119F /* Archeota.framework in Copy Frameworks */,
				DE56C4D61DBC556300C40D8B /* Realm.framework in Copy Frameworks */,
				DE56C4D71DBC556300C40D8B /* RealmSwift.framework in Copy Frameworks */,
				DE49A2341D983C0300620411 /* SwiftExceptionCatcher.framework in Copy Frameworks */,
			);
			name = "Copy Frameworks";
			runOnlyForDeploymentPostprocessing = 0;
		};
/* End PBXCopyFilesBuildPhase section */

/* Begin PBXFileReference section */
		DE0BE96F1D8F01D400872F0B /* Functions.swift */ = {isa = PBXFileReference; fileEncoding = 4; lastKnownFileType = sourcecode.swift; path = Functions.swift; sourceTree = "<group>"; };
		DE156DC71D7A90FF00123A04 /* Strings+Test.swift */ = {isa = PBXFileReference; fileEncoding = 4; lastKnownFileType = sourcecode.swift; path = "Strings+Test.swift"; sourceTree = "<group>"; };
		DE156DC91D7A9ADC00123A04 /* Arrays+Test.swift */ = {isa = PBXFileReference; fileEncoding = 4; lastKnownFileType = sourcecode.swift; path = "Arrays+Test.swift"; sourceTree = "<group>"; };
		DE156DCB1D7A9B0B00123A04 /* Generators.swift */ = {isa = PBXFileReference; fileEncoding = 4; lastKnownFileType = sourcecode.swift; path = Generators.swift; sourceTree = "<group>"; };
		DE156DCD1D7B381300123A04 /* RegexTests.swift */ = {isa = PBXFileReference; fileEncoding = 4; lastKnownFileType = sourcecode.swift; path = RegexTests.swift; sourceTree = "<group>"; };
		DE1978561D720269008E46AB /* LexisEngineTests.swift */ = {isa = PBXFileReference; fileEncoding = 4; lastKnownFileType = sourcecode.swift; path = LexisEngineTests.swift; sourceTree = "<group>"; };
		DE1FBC5E1D90F3A300B683ED /* LexisWord+JSON.swift */ = {isa = PBXFileReference; fileEncoding = 4; lastKnownFileType = sourcecode.swift; path = "LexisWord+JSON.swift"; sourceTree = "<group>"; };
		DE3129EA1D8BCC040007692F /* LexisWord+DictionaryCodes.swift */ = {isa = PBXFileReference; fileEncoding = 4; lastKnownFileType = sourcecode.swift; path = "LexisWord+DictionaryCodes.swift"; sourceTree = "<group>"; };
		DE3129EC1D8BD27B0007692F /* LexisWord+DictionaryCodesTests.swift */ = {isa = PBXFileReference; fileEncoding = 4; lastKnownFileType = sourcecode.swift; path = "LexisWord+DictionaryCodesTests.swift"; sourceTree = "<group>"; };
		DE405ACE1D76494100C16B46 /* Regex.swift */ = {isa = PBXFileReference; fileEncoding = 4; lastKnownFileType = sourcecode.swift; path = Regex.swift; sourceTree = "<group>"; };
		DE49A2261D983BEC00620411 /* AlchemyGenerator.framework */ = {isa = PBXFileReference; lastKnownFileType = wrapper.framework; name = AlchemyGenerator.framework; path = Carthage/Build/iOS/AlchemyGenerator.framework; sourceTree = "<group>"; };
		DE49A2271D983BEC00620411 /* AromaSwiftClient.framework */ = {isa = PBXFileReference; lastKnownFileType = wrapper.framework; name = AromaSwiftClient.framework; path = Carthage/Build/iOS/AromaSwiftClient.framework; sourceTree = "<group>"; };
		DE49A2281D983BEC00620411 /* AromaThrift.framework */ = {isa = PBXFileReference; lastKnownFileType = wrapper.framework; name = AromaThrift.framework; path = Carthage/Build/iOS/AromaThrift.framework; sourceTree = "<group>"; };
		DE49A22A1D983BEC00620411 /* SwiftExceptionCatcher.framework */ = {isa = PBXFileReference; lastKnownFileType = wrapper.framework; name = SwiftExceptionCatcher.framework; path = Carthage/Build/iOS/SwiftExceptionCatcher.framework; sourceTree = "<group>"; };
		DE49A2351D98468F00620411 /* SimpleUserDefaultsPersistence.swift */ = {isa = PBXFileReference; fileEncoding = 4; lastKnownFileType = sourcecode.swift; path = SimpleUserDefaultsPersistence.swift; sourceTree = "<group>"; };
		DE49A2371D9847B900620411 /* SimpleUserDefaultsTests.swift */ = {isa = PBXFileReference; fileEncoding = 4; lastKnownFileType = sourcecode.swift; path = SimpleUserDefaultsTests.swift; sourceTree = "<group>"; };
		DE49A2391D987AD300620411 /* FilePersistence.swift */ = {isa = PBXFileReference; fileEncoding = 4; lastKnownFileType = sourcecode.swift; path = FilePersistence.swift; sourceTree = "<group>"; };
		DE49A23B1D987C3400620411 /* FilePersistenceTests.swift */ = {isa = PBXFileReference; fileEncoding = 4; lastKnownFileType = sourcecode.swift; path = FilePersistenceTests.swift; sourceTree = "<group>"; };
		DE4DA0A31D8D642F003183F4 /* LexisWord+WordType.swift */ = {isa = PBXFileReference; fileEncoding = 4; lastKnownFileType = sourcecode.swift; path = "LexisWord+WordType.swift"; sourceTree = "<group>"; };
		DE4DA0A51D8D6518003183F4 /* LexisWord+WordTypeTests.swift */ = {isa = PBXFileReference; fileEncoding = 4; lastKnownFileType = sourcecode.swift; path = "LexisWord+WordTypeTests.swift"; sourceTree = "<group>"; };
		DE4DA0A71D8D7655003183F4 /* UserDefaultsPersistenceTests.swift */ = {isa = PBXFileReference; fileEncoding = 4; lastKnownFileType = sourcecode.swift; path = UserDefaultsPersistenceTests.swift; sourceTree = "<group>"; };
		DE4DA0A91D8D76BC003183F4 /* UserDefaultsPersistence.swift */ = {isa = PBXFileReference; fileEncoding = 4; lastKnownFileType = sourcecode.swift; path = UserDefaultsPersistence.swift; sourceTree = "<group>"; };
		DE4DF09B1D90FD1500C29CF4 /* SupplementalInformation+JSON.swift */ = {isa = PBXFileReference; fileEncoding = 4; lastKnownFileType = sourcecode.swift; path = "SupplementalInformation+JSON.swift"; sourceTree = "<group>"; };
		DE4DF09D1D90FFDC00C29CF4 /* WordType+JSON.swift */ = {isa = PBXFileReference; fileEncoding = 4; lastKnownFileType = sourcecode.swift; path = "WordType+JSON.swift"; sourceTree = "<group>"; };
		DE4DF09F1D91098C00C29CF4 /* LexisTest.swift */ = {isa = PBXFileReference; fileEncoding = 4; lastKnownFileType = sourcecode.swift; path = LexisTest.swift; sourceTree = "<group>"; };
		DE4DF0C21D91185800C29CF4 /* WordType+JSONTests.swift */ = {isa = PBXFileReference; fileEncoding = 4; lastKnownFileType = sourcecode.swift; path = "WordType+JSONTests.swift"; sourceTree = "<group>"; };
		DE4DF0C51D911BA200C29CF4 /* LexisDefinition+JSONTests.swift */ = {isa = PBXFileReference; fileEncoding = 4; lastKnownFileType = sourcecode.swift; path = "LexisDefinition+JSONTests.swift"; sourceTree = "<group>"; };
		DE4DF0C91D911DBD00C29CF4 /* SupplementalInformation+JSONTests.swift */ = {isa = PBXFileReference; fileEncoding = 4; lastKnownFileType = sourcecode.swift; path = "SupplementalInformation+JSONTests.swift"; sourceTree = "<group>"; };
		DE4DF0CC1D911EE100C29CF4 /* LexisWord+JSONTests.swift */ = {isa = PBXFileReference; fileEncoding = 4; lastKnownFileType = sourcecode.swift; path = "LexisWord+JSONTests.swift"; sourceTree = "<group>"; };
		DE56C4D01DBC554E00C40D8B /* Realm.framework */ = {isa = PBXFileReference; lastKnownFileType = wrapper.framework; name = Realm.framework; path = Carthage/Build/iOS/Realm.framework; sourceTree = "<group>"; };
		DE56C4D11DBC554E00C40D8B /* RealmSwift.framework */ = {isa = PBXFileReference; lastKnownFileType = wrapper.framework; name = RealmSwift.framework; path = Carthage/Build/iOS/RealmSwift.framework; sourceTree = "<group>"; };
		DE56C4D81DBC55AB00C40D8B /* RealmPersistence.swift */ = {isa = PBXFileReference; fileEncoding = 4; lastKnownFileType = sourcecode.swift; path = RealmPersistence.swift; sourceTree = "<group>"; };
		DE56C4DB1DBC56CB00C40D8B /* BasePersitenceTests.swift */ = {isa = PBXFileReference; fileEncoding = 4; lastKnownFileType = sourcecode.swift; path = BasePersitenceTests.swift; sourceTree = "<group>"; };
		DE56C4DE1DBC5D8B00C40D8B /* RealmPersistenceTests.swift */ = {isa = PBXFileReference; fileEncoding = 4; lastKnownFileType = sourcecode.swift; path = RealmPersistenceTests.swift; sourceTree = "<group>"; };
		DE652D4A1D723C8B00F1B52A /* Strings+.swift */ = {isa = PBXFileReference; fileEncoding = 4; lastKnownFileType = sourcecode.swift; path = "Strings+.swift"; sourceTree = "<group>"; };
		DE7B309E1D8D360600AD44C1 /* LexisWord+SupplementalInformation.swift */ = {isa = PBXFileReference; fileEncoding = 4; lastKnownFileType = sourcecode.swift; path = "LexisWord+SupplementalInformation.swift"; sourceTree = "<group>"; };
		DE7B30A01D8D365200AD44C1 /* LexisWord+SupplementalInformationTests.swift */ = {isa = PBXFileReference; fileEncoding = 4; lastKnownFileType = sourcecode.swift; path = "LexisWord+SupplementalInformationTests.swift"; sourceTree = "<group>"; };
		DE7B540F1DAB015B0006119F /* Archeota.framework */ = {isa = PBXFileReference; lastKnownFileType = wrapper.framework; name = Archeota.framework; path = Carthage/Build/iOS/Archeota.framework; sourceTree = "<group>"; };
		DE9E9EE91D902BD7004E4CD3 /* JSON.swift */ = {isa = PBXFileReference; fileEncoding = 4; lastKnownFileType = sourcecode.swift; path = JSON.swift; sourceTree = "<group>"; };
		DE9E9EEB1D9030F5004E4CD3 /* LexisDefinition+JSON.swift */ = {isa = PBXFileReference; fileEncoding = 4; lastKnownFileType = sourcecode.swift; path = "LexisDefinition+JSON.swift"; sourceTree = "<group>"; };
		DEA7E4851D7B4939009CAE25 /* LexisPersistence.swift */ = {isa = PBXFileReference; fileEncoding = 4; lastKnownFileType = sourcecode.swift; path = LexisPersistence.swift; sourceTree = "<group>"; };
		DEA7E4871D7B4A74009CAE25 /* MemoryPersistence.swift */ = {isa = PBXFileReference; fileEncoding = 4; lastKnownFileType = sourcecode.swift; path = MemoryPersistence.swift; sourceTree = "<group>"; };
		DEA7E4891D7B5B6B009CAE25 /* LexisWordTests.swift */ = {isa = PBXFileReference; fileEncoding = 4; lastKnownFileType = sourcecode.swift; path = LexisWordTests.swift; sourceTree = "<group>"; };
		DEBD16941D86818D00E5C4DD /* MemoryPersistenceTests.swift */ = {isa = PBXFileReference; fileEncoding = 4; lastKnownFileType = sourcecode.swift; path = MemoryPersistenceTests.swift; sourceTree = "<group>"; };
		DEBEFE7A1D76BBF0008A525D /* Arrays+.swift */ = {isa = PBXFileReference; fileEncoding = 4; lastKnownFileType = sourcecode.swift; path = "Arrays+.swift"; sourceTree = "<group>"; };
		DEDE0DA01D7172E900965CFD /* LexisDatabase.framework */ = {isa = PBXFileReference; explicitFileType = wrapper.framework; includeInIndex = 0; path = LexisDatabase.framework; sourceTree = BUILT_PRODUCTS_DIR; };
		DEDE0DA31D7172E900965CFD /* LexisDatabase.h */ = {isa = PBXFileReference; lastKnownFileType = sourcecode.c.h; path = LexisDatabase.h; sourceTree = "<group>"; };
		DEDE0DA41D7172E900965CFD /* Info.plist */ = {isa = PBXFileReference; lastKnownFileType = text.plist.xml; path = Info.plist; sourceTree = "<group>"; };
		DEDE0DA91D7172E900965CFD /* LexisDatabaseTests.xctest */ = {isa = PBXFileReference; explicitFileType = wrapper.cfbundle; includeInIndex = 0; path = LexisDatabaseTests.xctest; sourceTree = BUILT_PRODUCTS_DIR; };
		DEDE0DAE1D7172E900965CFD /* LexisDatabaseTests.swift */ = {isa = PBXFileReference; lastKnownFileType = sourcecode.swift; path = LexisDatabaseTests.swift; sourceTree = "<group>"; };
		DEDE0DB01D7172E900965CFD /* Info.plist */ = {isa = PBXFileReference; lastKnownFileType = text.plist.xml; path = Info.plist; sourceTree = "<group>"; };
		DEDE0DBC1D71757500965CFD /* LexisDatabase.swift */ = {isa = PBXFileReference; fileEncoding = 4; lastKnownFileType = sourcecode.swift; path = LexisDatabase.swift; sourceTree = "<group>"; };
		DEDE0DBE1D71758B00965CFD /* LexisWord.swift */ = {isa = PBXFileReference; fileEncoding = 4; lastKnownFileType = sourcecode.swift; path = LexisWord.swift; sourceTree = "<group>"; };
		DEDE0DC11D717ABF00965CFD /* LatinDictionary.txt */ = {isa = PBXFileReference; fileEncoding = 4; lastKnownFileType = text; path = LatinDictionary.txt; sourceTree = "<group>"; };
		DEDE0DC31D718D8F00965CFD /* LexisEngine.swift */ = {isa = PBXFileReference; fileEncoding = 4; lastKnownFileType = sourcecode.swift; path = LexisEngine.swift; sourceTree = "<group>"; };
/* End PBXFileReference section */

/* Begin PBXFrameworksBuildPhase section */
		DEDE0D9C1D7172E900965CFD /* Frameworks */ = {
			isa = PBXFrameworksBuildPhase;
			buildActionMask = 2147483647;
			files = (
				DE56C4D21DBC554E00C40D8B /* Realm.framework in Frameworks */,
				DE49A22F1D983BEC00620411 /* SwiftExceptionCatcher.framework in Frameworks */,
				DE56C4D41DBC554E00C40D8B /* RealmSwift.framework in Frameworks */,
				DE49A22C1D983BEC00620411 /* AromaSwiftClient.framework in Frameworks */,
				DE49A22B1D983BEC00620411 /* AlchemyGenerator.framework in Frameworks */,
				DE7B54101DAB015B0006119F /* Archeota.framework in Frameworks */,
				DE49A22D1D983BEC00620411 /* AromaThrift.framework in Frameworks */,
			);
			runOnlyForDeploymentPostprocessing = 0;
		};
		DEDE0DA61D7172E900965CFD /* Frameworks */ = {
			isa = PBXFrameworksBuildPhase;
			buildActionMask = 2147483647;
			files = (
				DE56C4D31DBC554E00C40D8B /* Realm.framework in Frameworks */,
				DEDE0DAA1D7172E900965CFD /* LexisDatabase.framework in Frameworks */,
				DE56C4D51DBC554E00C40D8B /* RealmSwift.framework in Frameworks */,
			);
			runOnlyForDeploymentPostprocessing = 0;
		};
/* End PBXFrameworksBuildPhase section */

/* Begin PBXGroup section */
		DE156DC61D7A90EB00123A04 /* Extensions */ = {
			isa = PBXGroup;
			children = (
				DE156DC71D7A90FF00123A04 /* Strings+Test.swift */,
				DE156DC91D7A9ADC00123A04 /* Arrays+Test.swift */,
				DE156DCD1D7B381300123A04 /* RegexTests.swift */,
			);
			name = Extensions;
			sourceTree = "<group>";
		};
		DE4DF0C11D91182C00C29CF4 /* JSON */ = {
			isa = PBXGroup;
			children = (
				DE4DF0C21D91185800C29CF4 /* WordType+JSONTests.swift */,
				DE4DF0C51D911BA200C29CF4 /* LexisDefinition+JSONTests.swift */,
				DE4DF0CC1D911EE100C29CF4 /* LexisWord+JSONTests.swift */,
				DE4DF0C91D911DBD00C29CF4 /* SupplementalInformation+JSONTests.swift */,
			);
			name = JSON;
			sourceTree = "<group>";
		};
		DE652D491D723C7400F1B52A /* Extensions */ = {
			isa = PBXGroup;
			children = (
				DE652D4A1D723C8B00F1B52A /* Strings+.swift */,
				DE405ACE1D76494100C16B46 /* Regex.swift */,
				DEBEFE7A1D76BBF0008A525D /* Arrays+.swift */,
			);
			name = Extensions;
			sourceTree = "<group>";
		};
		DE8681A21D72052700D9CE74 /* Frameworks */ = {
			isa = PBXGroup;
			children = (
				DE56C4D01DBC554E00C40D8B /* Realm.framework */,
				DE56C4D11DBC554E00C40D8B /* RealmSwift.framework */,
				DE7B540F1DAB015B0006119F /* Archeota.framework */,
				DE49A2261D983BEC00620411 /* AlchemyGenerator.framework */,
				DE49A2271D983BEC00620411 /* AromaSwiftClient.framework */,
				DE49A2281D983BEC00620411 /* AromaThrift.framework */,
				DE49A22A1D983BEC00620411 /* SwiftExceptionCatcher.framework */,
			);
			name = Frameworks;
			sourceTree = "<group>";
		};
		DE9E9EE81D902BB5004E4CD3 /* JSON */ = {
			isa = PBXGroup;
			children = (
				DE9E9EE91D902BD7004E4CD3 /* JSON.swift */,
				DE9E9EEB1D9030F5004E4CD3 /* LexisDefinition+JSON.swift */,
				DE1FBC5E1D90F3A300B683ED /* LexisWord+JSON.swift */,
				DE4DF09B1D90FD1500C29CF4 /* SupplementalInformation+JSON.swift */,
				DE4DF09D1D90FFDC00C29CF4 /* WordType+JSON.swift */,
			);
			name = JSON;
			sourceTree = "<group>";
		};
		DEA7E4841D7B4924009CAE25 /* Persistence */ = {
			isa = PBXGroup;
			children = (
				DEA7E4851D7B4939009CAE25 /* LexisPersistence.swift */,
				DEA7E4871D7B4A74009CAE25 /* MemoryPersistence.swift */,
				DE4DA0A91D8D76BC003183F4 /* UserDefaultsPersistence.swift */,
				DE49A2351D98468F00620411 /* SimpleUserDefaultsPersistence.swift */,
				DE49A2391D987AD300620411 /* FilePersistence.swift */,
				DE56C4D81DBC55AB00C40D8B /* RealmPersistence.swift */,
			);
			name = Persistence;
			sourceTree = "<group>";
		};
		DEBD16931D86818200E5C4DD /* Persistence */ = {
			isa = PBXGroup;
			children = (
				DE56C4DB1DBC56CB00C40D8B /* BasePersitenceTests.swift */,
				DE49A23B1D987C3400620411 /* FilePersistenceTests.swift */,
				DEBD16941D86818D00E5C4DD /* MemoryPersistenceTests.swift */,
				DE4DA0A71D8D7655003183F4 /* UserDefaultsPersistenceTests.swift */,
				DE49A2371D9847B900620411 /* SimpleUserDefaultsTests.swift */,
				DE56C4DE1DBC5D8B00C40D8B /* RealmPersistenceTests.swift */,
			);
			name = Persistence;
			sourceTree = "<group>";
		};
		DEDE0D961D7172E900965CFD = {
			isa = PBXGroup;
			children = (
				DEDE0DA21D7172E900965CFD /* LexisDatabase */,
				DEDE0DAD1D7172E900965CFD /* LexisDatabaseTests */,
				DEDE0DA11D7172E900965CFD /* Products */,
				DE8681A21D72052700D9CE74 /* Frameworks */,
			);
			sourceTree = "<group>";
		};
		DEDE0DA11D7172E900965CFD /* Products */ = {
			isa = PBXGroup;
			children = (
				DEDE0DA01D7172E900965CFD /* LexisDatabase.framework */,
				DEDE0DA91D7172E900965CFD /* LexisDatabaseTests.xctest */,
			);
			name = Products;
			sourceTree = "<group>";
		};
		DEDE0DA21D7172E900965CFD /* LexisDatabase */ = {
			isa = PBXGroup;
			children = (
				DE652D491D723C7400F1B52A /* Extensions */,
				DEDE0DC01D717A9F00965CFD /* Resources */,
				DEA7E4841D7B4924009CAE25 /* Persistence */,
				DE9E9EE81D902BB5004E4CD3 /* JSON */,
				DEDE0DA31D7172E900965CFD /* LexisDatabase.h */,
				DEDE0DA41D7172E900965CFD /* Info.plist */,
				DEDE0DBC1D71757500965CFD /* LexisDatabase.swift */,
				DEDE0DC31D718D8F00965CFD /* LexisEngine.swift */,
				DEDE0DBE1D71758B00965CFD /* LexisWord.swift */,
				DE3129EA1D8BCC040007692F /* LexisWord+DictionaryCodes.swift */,
				DE7B309E1D8D360600AD44C1 /* LexisWord+SupplementalInformation.swift */,
				DE4DA0A31D8D642F003183F4 /* LexisWord+WordType.swift */,
			);
			path = LexisDatabase;
			sourceTree = "<group>";
		};
		DEDE0DAD1D7172E900965CFD /* LexisDatabaseTests */ = {
			isa = PBXGroup;
			children = (
				DEBD16931D86818200E5C4DD /* Persistence */,
				DE156DC61D7A90EB00123A04 /* Extensions */,
				DE4DF0C11D91182C00C29CF4 /* JSON */,
				DEDE0DAE1D7172E900965CFD /* LexisDatabaseTests.swift */,
				DE1978561D720269008E46AB /* LexisEngineTests.swift */,
				DEDE0DB01D7172E900965CFD /* Info.plist */,
				DE156DCB1D7A9B0B00123A04 /* Generators.swift */,
				DEA7E4891D7B5B6B009CAE25 /* LexisWordTests.swift */,
				DE3129EC1D8BD27B0007692F /* LexisWord+DictionaryCodesTests.swift */,
				DE7B30A01D8D365200AD44C1 /* LexisWord+SupplementalInformationTests.swift */,
				DE4DA0A51D8D6518003183F4 /* LexisWord+WordTypeTests.swift */,
				DE0BE96F1D8F01D400872F0B /* Functions.swift */,
				DE4DF09F1D91098C00C29CF4 /* LexisTest.swift */,
			);
			path = LexisDatabaseTests;
			sourceTree = "<group>";
		};
		DEDE0DC01D717A9F00965CFD /* Resources */ = {
			isa = PBXGroup;
			children = (
				DEDE0DC11D717ABF00965CFD /* LatinDictionary.txt */,
			);
			path = Resources;
			sourceTree = "<group>";
		};
/* End PBXGroup section */

/* Begin PBXHeadersBuildPhase section */
		DEDE0D9D1D7172E900965CFD /* Headers */ = {
			isa = PBXHeadersBuildPhase;
			buildActionMask = 2147483647;
			files = (
				DEDE0DB11D7172E900965CFD /* LexisDatabase.h in Headers */,
			);
			runOnlyForDeploymentPostprocessing = 0;
		};
/* End PBXHeadersBuildPhase section */

/* Begin PBXNativeTarget section */
		DEDE0D9F1D7172E900965CFD /* LexisDatabase */ = {
			isa = PBXNativeTarget;
			buildConfigurationList = DEDE0DB41D7172E900965CFD /* Build configuration list for PBXNativeTarget "LexisDatabase" */;
			buildPhases = (
				DEDE0D9C1D7172E900965CFD /* Frameworks */,
				DEDE0D9B1D7172E900965CFD /* Sources */,
				DEDE0D9D1D7172E900965CFD /* Headers */,
				DEDE0D9E1D7172E900965CFD /* Resources */,
			);
			buildRules = (
			);
			dependencies = (
			);
			name = LexisDatabase;
			productName = LexisDatabase;
			productReference = DEDE0DA01D7172E900965CFD /* LexisDatabase.framework */;
			productType = "com.apple.product-type.framework";
		};
		DEDE0DA81D7172E900965CFD /* LexisDatabaseTests */ = {
			isa = PBXNativeTarget;
			buildConfigurationList = DEDE0DB71D7172E900965CFD /* Build configuration list for PBXNativeTarget "LexisDatabaseTests" */;
			buildPhases = (
				DEDE0DA51D7172E900965CFD /* Sources */,
				DEDE0DA61D7172E900965CFD /* Frameworks */,
				DE4808261D720931002CBF5D /* Copy Frameworks */,
			);
			buildRules = (
			);
			dependencies = (
				DEDE0DAC1D7172E900965CFD /* PBXTargetDependency */,
			);
			name = LexisDatabaseTests;
			productName = LexisDatabaseTests;
			productReference = DEDE0DA91D7172E900965CFD /* LexisDatabaseTests.xctest */;
			productType = "com.apple.product-type.bundle.unit-test";
		};
/* End PBXNativeTarget section */

/* Begin PBXProject section */
		DEDE0D971D7172E900965CFD /* Project object */ = {
			isa = PBXProject;
			attributes = {
				LastSwiftUpdateCheck = 0800;
				LastUpgradeCheck = 0800;
				ORGANIZATIONNAME = "RedRoma, Inc.";
				TargetAttributes = {
					DEDE0D9F1D7172E900965CFD = {
						CreatedOnToolsVersion = 8.0;
						DevelopmentTeam = 5JBF7MD4UT;
						LastSwiftMigration = 0800;
						ProvisioningStyle = Automatic;
					};
					DEDE0DA81D7172E900965CFD = {
						CreatedOnToolsVersion = 8.0;
						DevelopmentTeam = 5JBF7MD4UT;
						ProvisioningStyle = Automatic;
					};
				};
			};
			buildConfigurationList = DEDE0D9A1D7172E900965CFD /* Build configuration list for PBXProject "LexisDatabase" */;
			compatibilityVersion = "Xcode 3.2";
			developmentRegion = English;
			hasScannedForEncodings = 0;
			knownRegions = (
				en,
			);
			mainGroup = DEDE0D961D7172E900965CFD;
			productRefGroup = DEDE0DA11D7172E900965CFD /* Products */;
			projectDirPath = "";
			projectRoot = "";
			targets = (
				DEDE0D9F1D7172E900965CFD /* LexisDatabase */,
				DEDE0DA81D7172E900965CFD /* LexisDatabaseTests */,
			);
		};
/* End PBXProject section */

/* Begin PBXResourcesBuildPhase section */
		DEDE0D9E1D7172E900965CFD /* Resources */ = {
			isa = PBXResourcesBuildPhase;
			buildActionMask = 2147483647;
			files = (
				DE48082B1D720B51002CBF5D /* LatinDictionary.txt in Resources */,
			);
			runOnlyForDeploymentPostprocessing = 0;
		};
/* End PBXResourcesBuildPhase section */

/* Begin PBXSourcesBuildPhase section */
		DEDE0D9B1D7172E900965CFD /* Sources */ = {
			isa = PBXSourcesBuildPhase;
			buildActionMask = 2147483647;
			files = (
				DE4DF09E1D90FFDC00C29CF4 /* WordType+JSON.swift in Sources */,
				DE4DA0A41D8D642F003183F4 /* LexisWord+WordType.swift in Sources */,
				DE9E9EEA1D902BD7004E4CD3 /* JSON.swift in Sources */,
				DEA7E4881D7B4A74009CAE25 /* MemoryPersistence.swift in Sources */,
				DEA7E4861D7B493A009CAE25 /* LexisPersistence.swift in Sources */,
				DEDE0DBD1D71757500965CFD /* LexisDatabase.swift in Sources */,
				DE4DA0AA1D8D76BC003183F4 /* UserDefaultsPersistence.swift in Sources */,
				DEBEFE7B1D76BBF0008A525D /* Arrays+.swift in Sources */,
				DE49A23A1D987AD300620411 /* FilePersistence.swift in Sources */,
				DE7B309F1D8D360600AD44C1 /* LexisWord+SupplementalInformation.swift in Sources */,
				DE9E9EEC1D9030F5004E4CD3 /* LexisDefinition+JSON.swift in Sources */,
				DE405ACF1D76494100C16B46 /* Regex.swift in Sources */,
				DE4DF09C1D90FD1500C29CF4 /* SupplementalInformation+JSON.swift in Sources */,
				DEDE0DC41D718D8F00965CFD /* LexisEngine.swift in Sources */,
				DE3129EB1D8BCC040007692F /* LexisWord+DictionaryCodes.swift in Sources */,
				DE56C4D91DBC55AB00C40D8B /* RealmPersistence.swift in Sources */,
				DE49A2361D98468F00620411 /* SimpleUserDefaultsPersistence.swift in Sources */,
				DE1FBC5F1D90F3A300B683ED /* LexisWord+JSON.swift in Sources */,
				DEDE0DBF1D71758B00965CFD /* LexisWord.swift in Sources */,
				DE652D4B1D723C8B00F1B52A /* Strings+.swift in Sources */,
			);
			runOnlyForDeploymentPostprocessing = 0;
		};
		DEDE0DA51D7172E900965CFD /* Sources */ = {
			isa = PBXSourcesBuildPhase;
			buildActionMask = 2147483647;
			files = (
				DE4DF0C81D911D8500C29CF4 /* LexisDefinition+JSONTests.swift in Sources */,
				DE49A23C1D987C3400620411 /* FilePersistenceTests.swift in Sources */,
				DE56C4DD1DBC56CB00C40D8B /* BasePersitenceTests.swift in Sources */,
				DE4DF0C41D91185800C29CF4 /* WordType+JSONTests.swift in Sources */,
				DEBD16951D86818D00E5C4DD /* MemoryPersistenceTests.swift in Sources */,
				DE3129ED1D8BD27B0007692F /* LexisWord+DictionaryCodesTests.swift in Sources */,
				DE156DC81D7A90FF00123A04 /* Strings+Test.swift in Sources */,
				DE156DCE1D7B381300123A04 /* RegexTests.swift in Sources */,
				DE7B30A11D8D365200AD44C1 /* LexisWord+SupplementalInformationTests.swift in Sources */,
				DE0BE9701D8F01D400872F0B /* Functions.swift in Sources */,
				DE4DF0A01D91098C00C29CF4 /* LexisTest.swift in Sources */,
				DE156DCA1D7A9ADC00123A04 /* Arrays+Test.swift in Sources */,
				DEA7E48A1D7B5B6B009CAE25 /* LexisWordTests.swift in Sources */,
				DE56C4E01DBC5D8B00C40D8B /* RealmPersistenceTests.swift in Sources */,
				DE4DA0A61D8D6518003183F4 /* LexisWord+WordTypeTests.swift in Sources */,
				DE49A2381D9847B900620411 /* SimpleUserDefaultsTests.swift in Sources */,
				DE4DA0A81D8D7655003183F4 /* UserDefaultsPersistenceTests.swift in Sources */,
				DEDE0DAF1D7172E900965CFD /* LexisDatabaseTests.swift in Sources */,
				DE1978571D720269008E46AB /* LexisEngineTests.swift in Sources */,
				DE4DF0CE1D911EE100C29CF4 /* LexisWord+JSONTests.swift in Sources */,
				DE156DCC1D7A9B0B00123A04 /* Generators.swift in Sources */,
				DE4DF0CB1D911DBD00C29CF4 /* SupplementalInformation+JSONTests.swift in Sources */,
			);
			runOnlyForDeploymentPostprocessing = 0;
		};
/* End PBXSourcesBuildPhase section */

/* Begin PBXTargetDependency section */
		DEDE0DAC1D7172E900965CFD /* PBXTargetDependency */ = {
			isa = PBXTargetDependency;
			target = DEDE0D9F1D7172E900965CFD /* LexisDatabase */;
			targetProxy = DEDE0DAB1D7172E900965CFD /* PBXContainerItemProxy */;
		};
/* End PBXTargetDependency section */

/* Begin XCBuildConfiguration section */
		DEDE0DB21D7172E900965CFD /* Debug */ = {
			isa = XCBuildConfiguration;
			buildSettings = {
				ALWAYS_SEARCH_USER_PATHS = NO;
				CLANG_ANALYZER_NONNULL = YES;
				CLANG_CXX_LANGUAGE_STANDARD = "gnu++0x";
				CLANG_CXX_LIBRARY = "libc++";
				CLANG_ENABLE_MODULES = YES;
				CLANG_ENABLE_OBJC_ARC = YES;
				CLANG_WARN_BOOL_CONVERSION = YES;
				CLANG_WARN_CONSTANT_CONVERSION = YES;
				CLANG_WARN_DIRECT_OBJC_ISA_USAGE = YES_ERROR;
				CLANG_WARN_DOCUMENTATION_COMMENTS = YES;
				CLANG_WARN_EMPTY_BODY = YES;
				CLANG_WARN_ENUM_CONVERSION = YES;
				CLANG_WARN_INFINITE_RECURSION = YES;
				CLANG_WARN_INT_CONVERSION = YES;
				CLANG_WARN_OBJC_ROOT_CLASS = YES_ERROR;
				CLANG_WARN_SUSPICIOUS_MOVES = YES;
				CLANG_WARN_UNREACHABLE_CODE = YES;
				CLANG_WARN__DUPLICATE_METHOD_MATCH = YES;
				"CODE_SIGN_IDENTITY[sdk=iphoneos*]" = "iPhone Developer";
				COPY_PHASE_STRIP = NO;
				CURRENT_PROJECT_VERSION = 1;
				DEBUG_INFORMATION_FORMAT = dwarf;
				ENABLE_STRICT_OBJC_MSGSEND = YES;
				ENABLE_TESTABILITY = YES;
				GCC_C_LANGUAGE_STANDARD = gnu99;
				GCC_DYNAMIC_NO_PIC = NO;
				GCC_NO_COMMON_BLOCKS = YES;
				GCC_OPTIMIZATION_LEVEL = 0;
				GCC_PREPROCESSOR_DEFINITIONS = (
					"DEBUG=1",
					"$(inherited)",
				);
				GCC_WARN_64_TO_32_BIT_CONVERSION = YES;
				GCC_WARN_ABOUT_RETURN_TYPE = YES_ERROR;
				GCC_WARN_UNDECLARED_SELECTOR = YES;
				GCC_WARN_UNINITIALIZED_AUTOS = YES_AGGRESSIVE;
				GCC_WARN_UNUSED_FUNCTION = YES;
				GCC_WARN_UNUSED_VARIABLE = YES;
				IPHONEOS_DEPLOYMENT_TARGET = 10.0;
				MTL_ENABLE_DEBUG_INFO = YES;
				ONLY_ACTIVE_ARCH = YES;
				SDKROOT = iphoneos;
				SWIFT_ACTIVE_COMPILATION_CONDITIONS = DEBUG;
				SWIFT_OPTIMIZATION_LEVEL = "-Onone";
				TARGETED_DEVICE_FAMILY = "1,2";
				VERSIONING_SYSTEM = "apple-generic";
				VERSION_INFO_PREFIX = "";
			};
			name = Debug;
		};
		DEDE0DB31D7172E900965CFD /* Release */ = {
			isa = XCBuildConfiguration;
			buildSettings = {
				ALWAYS_SEARCH_USER_PATHS = NO;
				CLANG_ANALYZER_NONNULL = YES;
				CLANG_CXX_LANGUAGE_STANDARD = "gnu++0x";
				CLANG_CXX_LIBRARY = "libc++";
				CLANG_ENABLE_MODULES = YES;
				CLANG_ENABLE_OBJC_ARC = YES;
				CLANG_WARN_BOOL_CONVERSION = YES;
				CLANG_WARN_CONSTANT_CONVERSION = YES;
				CLANG_WARN_DIRECT_OBJC_ISA_USAGE = YES_ERROR;
				CLANG_WARN_DOCUMENTATION_COMMENTS = YES;
				CLANG_WARN_EMPTY_BODY = YES;
				CLANG_WARN_ENUM_CONVERSION = YES;
				CLANG_WARN_INFINITE_RECURSION = YES;
				CLANG_WARN_INT_CONVERSION = YES;
				CLANG_WARN_OBJC_ROOT_CLASS = YES_ERROR;
				CLANG_WARN_SUSPICIOUS_MOVES = YES;
				CLANG_WARN_UNREACHABLE_CODE = YES;
				CLANG_WARN__DUPLICATE_METHOD_MATCH = YES;
				"CODE_SIGN_IDENTITY[sdk=iphoneos*]" = "iPhone Developer";
				COPY_PHASE_STRIP = NO;
				CURRENT_PROJECT_VERSION = 1;
				DEBUG_INFORMATION_FORMAT = "dwarf-with-dsym";
				ENABLE_NS_ASSERTIONS = NO;
				ENABLE_STRICT_OBJC_MSGSEND = YES;
				GCC_C_LANGUAGE_STANDARD = gnu99;
				GCC_NO_COMMON_BLOCKS = YES;
				GCC_WARN_64_TO_32_BIT_CONVERSION = YES;
				GCC_WARN_ABOUT_RETURN_TYPE = YES_ERROR;
				GCC_WARN_UNDECLARED_SELECTOR = YES;
				GCC_WARN_UNINITIALIZED_AUTOS = YES_AGGRESSIVE;
				GCC_WARN_UNUSED_FUNCTION = YES;
				GCC_WARN_UNUSED_VARIABLE = YES;
				IPHONEOS_DEPLOYMENT_TARGET = 10.0;
				MTL_ENABLE_DEBUG_INFO = NO;
				SDKROOT = iphoneos;
				SWIFT_OPTIMIZATION_LEVEL = "-Owholemodule";
				TARGETED_DEVICE_FAMILY = "1,2";
				VALIDATE_PRODUCT = YES;
				VERSIONING_SYSTEM = "apple-generic";
				VERSION_INFO_PREFIX = "";
			};
			name = Release;
		};
		DEDE0DB51D7172E900965CFD /* Debug */ = {
			isa = XCBuildConfiguration;
			buildSettings = {
				CLANG_ENABLE_MODULES = YES;
				CODE_SIGN_IDENTITY = "";
				DEFINES_MODULE = YES;
				DEVELOPMENT_TEAM = 5JBF7MD4UT;
				DYLIB_COMPATIBILITY_VERSION = 1;
				DYLIB_CURRENT_VERSION = 1;
				DYLIB_INSTALL_NAME_BASE = "@rpath";
				FRAMEWORK_SEARCH_PATHS = (
					"$(inherited)",
					"$(PROJECT_DIR)/LexisDatabase/Resources",
					"$(PROJECT_DIR)",
					"$(PROJECT_DIR)/Carthage/Build/iOS",
				);
				INFOPLIST_FILE = LexisDatabase/Info.plist;
				INSTALL_PATH = "$(LOCAL_LIBRARY_DIR)/Frameworks";
				LD_RUNPATH_SEARCH_PATHS = "$(inherited) @executable_path/Frameworks @loader_path/Frameworks";
				PRODUCT_BUNDLE_IDENTIFIER = tech.redroma.LexisDatabase;
				PRODUCT_NAME = "$(TARGET_NAME)";
				SKIP_INSTALL = YES;
				SWIFT_VERSION = 3.0;
			};
			name = Debug;
		};
		DEDE0DB61D7172E900965CFD /* Release */ = {
			isa = XCBuildConfiguration;
			buildSettings = {
				CLANG_ENABLE_MODULES = YES;
				CODE_SIGN_IDENTITY = "";
				DEFINES_MODULE = YES;
				DEVELOPMENT_TEAM = 5JBF7MD4UT;
				DYLIB_COMPATIBILITY_VERSION = 1;
				DYLIB_CURRENT_VERSION = 1;
				DYLIB_INSTALL_NAME_BASE = "@rpath";
				FRAMEWORK_SEARCH_PATHS = (
					"$(inherited)",
					"$(PROJECT_DIR)/LexisDatabase/Resources",
					"$(PROJECT_DIR)",
					"$(PROJECT_DIR)/Carthage/Build/iOS",
				);
				INFOPLIST_FILE = LexisDatabase/Info.plist;
				INSTALL_PATH = "$(LOCAL_LIBRARY_DIR)/Frameworks";
				LD_RUNPATH_SEARCH_PATHS = "$(inherited) @executable_path/Frameworks @loader_path/Frameworks";
				PRODUCT_BUNDLE_IDENTIFIER = tech.redroma.LexisDatabase;
				PRODUCT_NAME = "$(TARGET_NAME)";
				SKIP_INSTALL = YES;
				SWIFT_VERSION = 3.0;
			};
			name = Release;
		};
		DEDE0DB81D7172E900965CFD /* Debug */ = {
			isa = XCBuildConfiguration;
			buildSettings = {
				ALWAYS_EMBED_SWIFT_STANDARD_LIBRARIES = YES;
				DEVELOPMENT_TEAM = 5JBF7MD4UT;
				FRAMEWORK_SEARCH_PATHS = (
					"$(inherited)",
					"$(PROJECT_DIR)",
					"$(PROJECT_DIR)/LexisDatabase/Resources",
					"$(PROJECT_DIR)/Carthage/Build/iOS",
				);
				INFOPLIST_FILE = LexisDatabaseTests/Info.plist;
				LD_RUNPATH_SEARCH_PATHS = "$(inherited) @executable_path/Frameworks @loader_path/Frameworks";
				PRODUCT_BUNDLE_IDENTIFIER = tech.redroma.LexisDatabaseTests;
				PRODUCT_NAME = "$(TARGET_NAME)";
				SWIFT_VERSION = 3.0;
			};
			name = Debug;
		};
		DEDE0DB91D7172E900965CFD /* Release */ = {
			isa = XCBuildConfiguration;
			buildSettings = {
				ALWAYS_EMBED_SWIFT_STANDARD_LIBRARIES = YES;
				DEVELOPMENT_TEAM = 5JBF7MD4UT;
				FRAMEWORK_SEARCH_PATHS = (
					"$(inherited)",
					"$(PROJECT_DIR)",
					"$(PROJECT_DIR)/LexisDatabase/Resources",
					"$(PROJECT_DIR)/Carthage/Build/iOS",
				);
				INFOPLIST_FILE = LexisDatabaseTests/Info.plist;
				LD_RUNPATH_SEARCH_PATHS = "$(inherited) @executable_path/Frameworks @loader_path/Frameworks";
				PRODUCT_BUNDLE_IDENTIFIER = tech.redroma.LexisDatabaseTests;
				PRODUCT_NAME = "$(TARGET_NAME)";
				SWIFT_VERSION = 3.0;
			};
			name = Release;
		};
/* End XCBuildConfiguration section */

/* Begin XCConfigurationList section */
		DEDE0D9A1D7172E900965CFD /* Build configuration list for PBXProject "LexisDatabase" */ = {
			isa = XCConfigurationList;
			buildConfigurations = (
				DEDE0DB21D7172E900965CFD /* Debug */,
				DEDE0DB31D7172E900965CFD /* Release */,
			);
			defaultConfigurationIsVisible = 0;
			defaultConfigurationName = Release;
		};
		DEDE0DB41D7172E900965CFD /* Build configuration list for PBXNativeTarget "LexisDatabase" */ = {
			isa = XCConfigurationList;
			buildConfigurations = (
				DEDE0DB51D7172E900965CFD /* Debug */,
				DEDE0DB61D7172E900965CFD /* Release */,
			);
			defaultConfigurationIsVisible = 0;
			defaultConfigurationName = Release;
		};
		DEDE0DB71D7172E900965CFD /* Build configuration list for PBXNativeTarget "LexisDatabaseTests" */ = {
			isa = XCConfigurationList;
			buildConfigurations = (
				DEDE0DB81D7172E900965CFD /* Debug */,
				DEDE0DB91D7172E900965CFD /* Release */,
			);
			defaultConfigurationIsVisible = 0;
			defaultConfigurationName = Release;
		};
/* End XCConfigurationList section */
	};
	rootObject = DEDE0D971D7172E900965CFD /* Project object */;
}
